
Microsoft Visual Studio Solution File, Format Version 12.00
# Visual Studio 15
VisualStudioVersion = 15.0.28307.329
MinimumVisualStudioVersion = 10.0.40219.1
Project("{FAE04EC0-301F-11D3-BF4B-00C04F79EFBC}") = "Ura_Porezna", "Ura_Porezna\Ura_Porezna.csproj", "{AF3926E3-314E-4CCC-AB80-7DE5F2C047D8}"
EndProject
Global
	GlobalSection(SolutionConfigurationPlatforms) = preSolution
		Debug|Any CPU = Debug|Any CPU
		Release|Any CPU = Release|Any CPU
	EndGlobalSection
	GlobalSection(ProjectConfigurationPlatforms) = postSolution
		{AF3926E3-314E-4CCC-AB80-7DE5F2C047D8}.Debug|Any CPU.ActiveCfg = Debug|Any CPU
		{AF3926E3-314E-4CCC-AB80-7DE5F2C047D8}.Debug|Any CPU.Build.0 = Debug|Any CPU
		{AF3926E3-314E-4CCC-AB80-7DE5F2C047D8}.Release|Any CPU.ActiveCfg = Release|Any CPU
		{AF3926E3-314E-4CCC-AB80-7DE5F2C047D8}.Release|Any CPU.Build.0 = Release|Any CPU
	EndGlobalSection
	GlobalSection(SolutionProperties) = preSolution
		HideSolutionNode = FALSE
	EndGlobalSection
	GlobalSection(ExtensibilityGlobals) = postSolution
		SolutionGuid = {17C253A1-786B-4A8F-94FF-76D7E38058D2}
	EndGlobalSection
EndGlobal
